
Microsoft Visual Studio Solution File, Format Version 12.00
# Visual Studio 15
Project("{FAE04EC0-301F-11D3-BF4B-00C04F79EFBC}") = "TSBLETest.Android", "TSBLETest.Android\TSBLETest.Android.csproj", "{2FC0826C-DA39-4D78-9DFD-7105795C6A97}"
EndProject
Project("{FAE04EC0-301F-11D3-BF4B-00C04F79EFBC}") = "TSBLETest.iOS", "TSBLETest.iOS\TSBLETest.iOS.csproj", "{3697A082-847E-49FE-8A9A-85DC012E4432}"
EndProject
Project("{FAE04EC0-301F-11D3-BF4B-00C04F79EFBC}") = "TSBLETest", "TSBLETest\TSBLETest.csproj", "{82529268-22C7-463C-8B92-E3E1B7284C6D}"
EndProject
Global
	GlobalSection(SolutionConfigurationPlatforms) = preSolution
		Debug|Any CPU = Debug|Any CPU
		Release|Any CPU = Release|Any CPU
		Debug|iPhoneSimulator = Debug|iPhoneSimulator
		Release|iPhoneSimulator = Release|iPhoneSimulator
		Debug|iPhone = Debug|iPhone
		Release|iPhone = Release|iPhone
	EndGlobalSection
	GlobalSection(ProjectConfigurationPlatforms) = postSolution
		{2FC0826C-DA39-4D78-9DFD-7105795C6A97}.Debug|Any CPU.ActiveCfg = Debug|Any CPU
		{2FC0826C-DA39-4D78-9DFD-7105795C6A97}.Debug|Any CPU.Build.0 = Debug|Any CPU
		{2FC0826C-DA39-4D78-9DFD-7105795C6A97}.Release|Any CPU.ActiveCfg = Release|Any CPU
		{2FC0826C-DA39-4D78-9DFD-7105795C6A97}.Release|Any CPU.Build.0 = Release|Any CPU
		{2FC0826C-DA39-4D78-9DFD-7105795C6A97}.Debug|iPhoneSimulator.ActiveCfg = Debug|Any CPU
		{2FC0826C-DA39-4D78-9DFD-7105795C6A97}.Debug|iPhoneSimulator.Build.0 = Debug|Any CPU
		{2FC0826C-DA39-4D78-9DFD-7105795C6A97}.Release|iPhoneSimulator.ActiveCfg = Release|Any CPU
		{2FC0826C-DA39-4D78-9DFD-7105795C6A97}.Release|iPhoneSimulator.Build.0 = Release|Any CPU
		{2FC0826C-DA39-4D78-9DFD-7105795C6A97}.Debug|iPhone.ActiveCfg = Debug|Any CPU
		{2FC0826C-DA39-4D78-9DFD-7105795C6A97}.Debug|iPhone.Build.0 = Debug|Any CPU
		{2FC0826C-DA39-4D78-9DFD-7105795C6A97}.Release|iPhone.ActiveCfg = Release|Any CPU
		{2FC0826C-DA39-4D78-9DFD-7105795C6A97}.Release|iPhone.Build.0 = Release|Any CPU
		{3697A082-847E-49FE-8A9A-85DC012E4432}.Debug|Any CPU.ActiveCfg = Debug|iPhoneSimulator
		{3697A082-847E-49FE-8A9A-85DC012E4432}.Debug|Any CPU.Build.0 = Debug|iPhoneSimulator
		{3697A082-847E-49FE-8A9A-85DC012E4432}.Release|Any CPU.ActiveCfg = Release|iPhoneSimulator
		{3697A082-847E-49FE-8A9A-85DC012E4432}.Release|Any CPU.Build.0 = Release|iPhoneSimulator
		{3697A082-847E-49FE-8A9A-85DC012E4432}.Debug|iPhoneSimulator.ActiveCfg = Debug|iPhoneSimulator
		{3697A082-847E-49FE-8A9A-85DC012E4432}.Debug|iPhoneSimulator.Build.0 = Debug|iPhoneSimulator
		{3697A082-847E-49FE-8A9A-85DC012E4432}.Release|iPhoneSimulator.ActiveCfg = Release|iPhoneSimulator
		{3697A082-847E-49FE-8A9A-85DC012E4432}.Release|iPhoneSimulator.Build.0 = Release|iPhoneSimulator
		{3697A082-847E-49FE-8A9A-85DC012E4432}.Debug|iPhone.ActiveCfg = Debug|iPhone
		{3697A082-847E-49FE-8A9A-85DC012E4432}.Debug|iPhone.Build.0 = Debug|iPhone
		{3697A082-847E-49FE-8A9A-85DC012E4432}.Release|iPhone.ActiveCfg = Release|iPhone
		{3697A082-847E-49FE-8A9A-85DC012E4432}.Release|iPhone.Build.0 = Release|iPhone
		{82529268-22C7-463C-8B92-E3E1B7284C6D}.Debug|Any CPU.ActiveCfg = Debug|Any CPU
		{82529268-22C7-463C-8B92-E3E1B7284C6D}.Debug|Any CPU.Build.0 = Debug|Any CPU
		{82529268-22C7-463C-8B92-E3E1B7284C6D}.Release|Any CPU.ActiveCfg = Release|Any CPU
		{82529268-22C7-463C-8B92-E3E1B7284C6D}.Release|Any CPU.Build.0 = Release|Any CPU
		{82529268-22C7-463C-8B92-E3E1B7284C6D}.Debug|iPhoneSimulator.ActiveCfg = Debug|Any CPU
		{82529268-22C7-463C-8B92-E3E1B7284C6D}.Debug|iPhoneSimulator.Build.0 = Debug|Any CPU
		{82529268-22C7-463C-8B92-E3E1B7284C6D}.Release|iPhoneSimulator.ActiveCfg = Release|Any CPU
		{82529268-22C7-463C-8B92-E3E1B7284C6D}.Release|iPhoneSimulator.Build.0 = Release|Any CPU
		{82529268-22C7-463C-8B92-E3E1B7284C6D}.Debug|iPhone.ActiveCfg = Debug|Any CPU
		{82529268-22C7-463C-8B92-E3E1B7284C6D}.Debug|iPhone.Build.0 = Debug|Any CPU
		{82529268-22C7-463C-8B92-E3E1B7284C6D}.Release|iPhone.ActiveCfg = Release|Any CPU
		{82529268-22C7-463C-8B92-E3E1B7284C6D}.Release|iPhone.Build.0 = Release|Any CPU
	EndGlobalSection
EndGlobal
